
Microsoft Visual Studio Solution File, Format Version 12.00
# Visual Studio Version 17
VisualStudioVersion = 17.9.34902.65
MinimumVisualStudioVersion = 10.0.40219.1
Project("{9A19103F-16F7-4668-BE54-9A1E7A4F7556}") = "CodeZoneTask.Core", "CodeZoneTask.Core\CodeZoneTask.Core.csproj", "{504A7453-FA03-45C3-BFCC-98820830107C}"
EndProject
Project("{9A19103F-16F7-4668-BE54-9A1E7A4F7556}") = "CodeZoneTask.Infrastructure", "CodeZoneTask.Infrastructure\CodeZoneTask.Infrastructure.csproj", "{58BB7CEC-1149-47DC-A821-9A919249AA3F}"
EndProject
Project("{9A19103F-16F7-4668-BE54-9A1E7A4F7556}") = "CodeZoneTask.Application", "CodeZoneTask.Application\CodeZoneTask.Application.csproj", "{90C3ED02-E7DF-4D19-8319-DDF21C520B44}"
EndProject
Project("{9A19103F-16F7-4668-BE54-9A1E7A4F7556}") = "CodeZoneTask.Presentation", "CodeZoneTask.Presentation\CodeZoneTask.Presentation.csproj", "{91964482-1FA7-4321-9D28-2E22B626FC96}"
EndProject
Global
	GlobalSection(SolutionConfigurationPlatforms) = preSolution
		Debug|Any CPU = Debug|Any CPU
		Release|Any CPU = Release|Any CPU
	EndGlobalSection
	GlobalSection(ProjectConfigurationPlatforms) = postSolution
		{504A7453-FA03-45C3-BFCC-98820830107C}.Debug|Any CPU.ActiveCfg = Debug|Any CPU
		{504A7453-FA03-45C3-BFCC-98820830107C}.Debug|Any CPU.Build.0 = Debug|Any CPU
		{504A7453-FA03-45C3-BFCC-98820830107C}.Release|Any CPU.ActiveCfg = Release|Any CPU
		{504A7453-FA03-45C3-BFCC-98820830107C}.Release|Any CPU.Build.0 = Release|Any CPU
		{58BB7CEC-1149-47DC-A821-9A919249AA3F}.Debug|Any CPU.ActiveCfg = Debug|Any CPU
		{58BB7CEC-1149-47DC-A821-9A919249AA3F}.Debug|Any CPU.Build.0 = Debug|Any CPU
		{58BB7CEC-1149-47DC-A821-9A919249AA3F}.Release|Any CPU.ActiveCfg = Release|Any CPU
		{58BB7CEC-1149-47DC-A821-9A919249AA3F}.Release|Any CPU.Build.0 = Release|Any CPU
		{90C3ED02-E7DF-4D19-8319-DDF21C520B44}.Debug|Any CPU.ActiveCfg = Debug|Any CPU
		{90C3ED02-E7DF-4D19-8319-DDF21C520B44}.Debug|Any CPU.Build.0 = Debug|Any CPU
		{90C3ED02-E7DF-4D19-8319-DDF21C520B44}.Release|Any CPU.ActiveCfg = Release|Any CPU
		{90C3ED02-E7DF-4D19-8319-DDF21C520B44}.Release|Any CPU.Build.0 = Release|Any CPU
		{91964482-1FA7-4321-9D28-2E22B626FC96}.Debug|Any CPU.ActiveCfg = Debug|Any CPU
		{91964482-1FA7-4321-9D28-2E22B626FC96}.Debug|Any CPU.Build.0 = Debug|Any CPU
		{91964482-1FA7-4321-9D28-2E22B626FC96}.Release|Any CPU.ActiveCfg = Release|Any CPU
		{91964482-1FA7-4321-9D28-2E22B626FC96}.Release|Any CPU.Build.0 = Release|Any CPU
	EndGlobalSection
	GlobalSection(SolutionProperties) = preSolution
		HideSolutionNode = FALSE
	EndGlobalSection
	GlobalSection(ExtensibilityGlobals) = postSolution
		SolutionGuid = {93163BD9-9CA8-40CC-B6E4-BC2F5EB9BFAD}
	EndGlobalSection
EndGlobal
